{
  "name": "parakeet-stt",
  "version": "1.0.0",
  "lockfileVersion": 3,
  "requires": true,
  "packages": {
    "": {
      "name": "parakeet-stt",
      "version": "1.0.0",
      "license": "ISC",
      "dependencies": {
        "sherpa-onnx-node": "^1.13.2"
      }
    },
    "node_modules/sherpa-onnx-darwin-arm64": {
      "version": "1.13.2",
      "resolved": "https://registry.npmjs.org/sherpa-onnx-darwin-arm64/-/sherpa-onnx-darwin-arm64-1.13.2.tgz",
      "integrity": "sha512-sakY1+WH/Va/vhzwlhIKXaMr0ioKsJ55w785QH+VDFyUqq1+2InbmB3BgX5gyYKeuW40R0U0IW5c7wnMArhpdw==",
      "cpu": [
        "arm64"
      ],
      "license": "Apache-2.0",
      "optional": true,
      "os": [
        "darwin"
      ]
    },
    "node_modules/sherpa-onnx-darwin-x64": {
      "version": "1.13.2",
      "resolved": "https://registry.npmjs.org/sherpa-onnx-darwin-x64/-/sherpa-onnx-darwin-x64-1.13.2.tgz",
      "integrity": "sha512-VyiTiaU/QmBKh5ymEVefc86kMONyJxHaIKpAq0Cf60v/PGEfyfiFaWGGEJyysf8R8PXECB2YLv2wtKAomfcfcw==",
      "cpu": [
        "x64"
      ],
      "license": "Apache-2.0",
      "optional": true,
      "os": [
        "darwin"
      ]
    },
    "node_modules/sherpa-onnx-linux-arm64": {
      "version": "1.13.2",
      "resolved": "https://registry.npmjs.org/sherpa-onnx-linux-arm64/-/sherpa-onnx-linux-arm64-1.13.2.tgz",
      "integrity": "sha512-IJNyd6ORcMpy1oR2ZXGNidRiPuIh5KWoOYSIOhW9UQ/BUIY43P6fq8Y3XcFj1xNjBtwke7keMW9DA7ZPYxlYoQ==",
      "cpu": [
        "arm64"
      ],
      "license": "Apache-2.0",
      "optional": true,
      "os": [
        "linux"
      ]
    },
    "node_modules/sherpa-onnx-linux-x64": {
      "version": "1.13.2",
      "resolved": "https://registry.npmjs.org/sherpa-onnx-linux-x64/-/sherpa-onnx-linux-x64-1.13.2.tgz",
      "integrity": "sha512-CI2pTKgbOTOpAbm6cSwsFzJZ9qD+xcpEKPfmMCMI7KjaEePnTfky+FYxVBvllbYNk9DQznuTT0Ob9XsBhwtE/Q==",
      "cpu": [
        "x64"
      ],
      "license": "Apache-2.0",
      "optional": true,
      "os": [
        "linux"
      ]
    },
    "node_modules/sherpa-onnx-node": {
      "version": "1.13.2",
      "resolved": "https://registry.npmjs.org/sherpa-onnx-node/-/sherpa-onnx-node-1.13.2.tgz",
      "integrity": "sha512-uIH6SA5Or4pb8HlCYWB3K54XkMtzdef4/tkw1amtIf8GB1tt6hQLpur9p2jSFNfTYRyzZ8XrXofxefXQ0A7EUA==",
      "license": "Apache-2.0",
      "optionalDependencies": {
        "sherpa-onnx-darwin-arm64": "^1.13.2",
        "sherpa-onnx-darwin-x64": "^1.13.2",
        "sherpa-onnx-linux-arm64": "^1.13.2",
        "sherpa-onnx-linux-x64": "^1.13.2",
        "sherpa-onnx-win-ia32": "^1.13.2",
        "sherpa-onnx-win-x64": "^1.13.2"
      }
    },
    "node_modules/sherpa-onnx-win-ia32": {
      "version": "1.13.2",
      "resolved": "https://registry.npmjs.org/sherpa-onnx-win-ia32/-/sherpa-onnx-win-ia32-1.13.2.tgz",
      "integrity": "sha512-PJxFuZB6VcwxscP9whLdxBMhHWZ88Ax35LeKpAZWXIvFjIviX1yPJB1+ndhXvF9Nh1L8gPgO9MUBfC1BMKqzvw==",
      "cpu": [
        "ia32"
      ],
      "license": "Apache-2.0",
      "optional": true,
      "os": [
        "win32"
      ]
    },
    "node_modules/sherpa-onnx-win-x64": {
      "version": "1.13.2",
      "resolved": "https://registry.npmjs.org/sherpa-onnx-win-x64/-/sherpa-onnx-win-x64-1.13.2.tgz",
      "integrity": "sha512-D11eEIW4LZLK6Q+yPGmpJ+45gV8EqiwcPNZiE/RoveBsasZCBtl3YXXqvH2APyHafhDk+L8pD/dDR7HdH3GZJw==",
      "cpu": [
        "x64"
      ],
      "license": "Apache-2.0",
      "optional": true,
      "os": [
        "win32"
      ]
    }
  }
}
